
Microsoft Visual Studio Solution File, Format Version 12.00
# Visual Studio 2012
Project("{D954291E-2A0B-460D-934E-DC6B0785DB48}") = "HandFoot", "HandFoot\HandFoot.shproj", "{9EEB2E15-5B7B-461A-AE85-E7F4A1FFE06F}"
EndProject
Project("{FAE04EC0-301F-11D3-BF4B-00C04F79EFBC}") = "HandFoot.Droid", "Droid\HandFoot.Droid.csproj", "{F5A72987-3D1A-4D4C-AD6F-30582A5336CC}"
EndProject
Project("{FAE04EC0-301F-11D3-BF4B-00C04F79EFBC}") = "HandFoot.iOS", "iOS\HandFoot.iOS.csproj", "{6B6C4BC3-CA78-4BF9-ACBD-97EC78082B6B}"
EndProject
Global
	GlobalSection(SolutionConfigurationPlatforms) = preSolution
		Debug|Any CPU = Debug|Any CPU
		Release|Any CPU = Release|Any CPU
		Debug|iPhoneSimulator = Debug|iPhoneSimulator
		Release|iPhone = Release|iPhone
		Release|iPhoneSimulator = Release|iPhoneSimulator
		Debug|iPhone = Debug|iPhone
	EndGlobalSection
	GlobalSection(ProjectConfigurationPlatforms) = postSolution
		{F5A72987-3D1A-4D4C-AD6F-30582A5336CC}.Debug|Any CPU.ActiveCfg = Debug|Any CPU
		{F5A72987-3D1A-4D4C-AD6F-30582A5336CC}.Debug|Any CPU.Build.0 = Debug|Any CPU
		{F5A72987-3D1A-4D4C-AD6F-30582A5336CC}.Release|Any CPU.ActiveCfg = Release|Any CPU
		{F5A72987-3D1A-4D4C-AD6F-30582A5336CC}.Release|Any CPU.Build.0 = Release|Any CPU
		{F5A72987-3D1A-4D4C-AD6F-30582A5336CC}.Debug|iPhoneSimulator.ActiveCfg = Debug|Any CPU
		{F5A72987-3D1A-4D4C-AD6F-30582A5336CC}.Debug|iPhoneSimulator.Build.0 = Debug|Any CPU
		{F5A72987-3D1A-4D4C-AD6F-30582A5336CC}.Release|iPhone.ActiveCfg = Release|Any CPU
		{F5A72987-3D1A-4D4C-AD6F-30582A5336CC}.Release|iPhone.Build.0 = Release|Any CPU
		{F5A72987-3D1A-4D4C-AD6F-30582A5336CC}.Release|iPhoneSimulator.ActiveCfg = Release|Any CPU
		{F5A72987-3D1A-4D4C-AD6F-30582A5336CC}.Release|iPhoneSimulator.Build.0 = Release|Any CPU
		{F5A72987-3D1A-4D4C-AD6F-30582A5336CC}.Debug|iPhone.ActiveCfg = Debug|Any CPU
		{F5A72987-3D1A-4D4C-AD6F-30582A5336CC}.Debug|iPhone.Build.0 = Debug|Any CPU
		{6B6C4BC3-CA78-4BF9-ACBD-97EC78082B6B}.Debug|Any CPU.ActiveCfg = Debug|iPhoneSimulator
		{6B6C4BC3-CA78-4BF9-ACBD-97EC78082B6B}.Debug|Any CPU.Build.0 = Debug|iPhoneSimulator
		{6B6C4BC3-CA78-4BF9-ACBD-97EC78082B6B}.Release|Any CPU.ActiveCfg = Release|iPhone
		{6B6C4BC3-CA78-4BF9-ACBD-97EC78082B6B}.Release|Any CPU.Build.0 = Release|iPhone
		{6B6C4BC3-CA78-4BF9-ACBD-97EC78082B6B}.Debug|iPhoneSimulator.ActiveCfg = Debug|iPhoneSimulator
		{6B6C4BC3-CA78-4BF9-ACBD-97EC78082B6B}.Debug|iPhoneSimulator.Build.0 = Debug|iPhoneSimulator
		{6B6C4BC3-CA78-4BF9-ACBD-97EC78082B6B}.Release|iPhone.ActiveCfg = Release|iPhone
		{6B6C4BC3-CA78-4BF9-ACBD-97EC78082B6B}.Release|iPhone.Build.0 = Release|iPhone
		{6B6C4BC3-CA78-4BF9-ACBD-97EC78082B6B}.Release|iPhoneSimulator.ActiveCfg = Release|iPhoneSimulator
		{6B6C4BC3-CA78-4BF9-ACBD-97EC78082B6B}.Release|iPhoneSimulator.Build.0 = Release|iPhoneSimulator
		{6B6C4BC3-CA78-4BF9-ACBD-97EC78082B6B}.Debug|iPhone.ActiveCfg = Debug|iPhone
		{6B6C4BC3-CA78-4BF9-ACBD-97EC78082B6B}.Debug|iPhone.Build.0 = Debug|iPhone
	EndGlobalSection
EndGlobal
